{
  "requires": true,
  "lockfileVersion": 1,
  "dependencies": {
    "ola": {
      "version": "1.1.1",
      "resolved": "https://registry.npmjs.org/ola/-/ola-1.1.1.tgz",
      "integrity": "sha512-RupMnF9IBitkrrxqqufNKFikOKknSA4Fy5Xhmb10DixnsP2RtK7CnPGXG8O0qRpdOFQeJPWUcQC0otfcfUrPRg=="
    }
  }
}
